
Microsoft Visual Studio Solution File, Format Version 12.00
# Visual Studio 15
VisualStudioVersion = 15.0.28307.1433
MinimumVisualStudioVersion = 10.0.40219.1
Project("{FAE04EC0-301F-11D3-BF4B-00C04F79EFBC}") = "VerikaiSolution", "VerikaiSolution\VerikaiSolution.csproj", "{5DBB382E-F390-45DB-9111-4EEB165F9D85}"
EndProject
Global
	GlobalSection(SolutionConfigurationPlatforms) = preSolution
		Debug|Any CPU = Debug|Any CPU
		Release|Any CPU = Release|Any CPU
	EndGlobalSection
	GlobalSection(ProjectConfigurationPlatforms) = postSolution
		{5DBB382E-F390-45DB-9111-4EEB165F9D85}.Debug|Any CPU.ActiveCfg = Debug|Any CPU
		{5DBB382E-F390-45DB-9111-4EEB165F9D85}.Debug|Any CPU.Build.0 = Debug|Any CPU
		{5DBB382E-F390-45DB-9111-4EEB165F9D85}.Release|Any CPU.ActiveCfg = Release|Any CPU
		{5DBB382E-F390-45DB-9111-4EEB165F9D85}.Release|Any CPU.Build.0 = Release|Any CPU
	EndGlobalSection
	GlobalSection(SolutionProperties) = preSolution
		HideSolutionNode = FALSE
	EndGlobalSection
	GlobalSection(ExtensibilityGlobals) = postSolution
		SolutionGuid = {3EB5D499-755A-4429-A49B-D0CD22B0CB11}
	EndGlobalSection
EndGlobal
